// !$*UTF8*$!
{
	archiveVersion = 1;
	classes = {
	};
	objectVersion = 46;
	objects = {

/* Begin PBXBuildFile section */
		1D3623260D0F684500981E51 /* Objective_ZipAppDelegate.m in Sources */ = {isa = PBXBuildFile; fileRef = 1D3623250D0F684500981E51 /* Objective_ZipAppDelegate.m */; };
		1D60589B0D05DD56006BFB54 /* main.m in Sources */ = {isa = PBXBuildFile; fileRef = 29B97316FDCFA39411CA2CEA /* main.m */; };
		1D60589F0D05DD5A006BFB54 /* Foundation.framework in Frameworks */ = {isa = PBXBuildFile; fileRef = 1D30AB110D05D00D00671497 /* Foundation.framework */; };
		1DF5F4E00D08C38300B7A737 /* UIKit.framework in Frameworks */ = {isa = PBXBuildFile; fileRef = 1DF5F4DF0D08C38300B7A737 /* UIKit.framework */; };
		288765A50DF7441C002DB57D /* CoreGraphics.framework in Frameworks */ = {isa = PBXBuildFile; fileRef = 288765A40DF7441C002DB57D /* CoreGraphics.framework */; };
		2899E5220DE3E06400AC0155 /* Objective_ZipViewController.xib in Resources */ = {isa = PBXBuildFile; fileRef = 2899E5210DE3E06400AC0155 /* Objective_ZipViewController.xib */; };
		28AD733F0D9D9553002E5188 /* MainWindow.xib in Resources */ = {isa = PBXBuildFile; fileRef = 28AD733E0D9D9553002E5188 /* MainWindow.xib */; };
		28D7ACF80DDB3853001CB0EB /* Objective_ZipViewController.m in Sources */ = {isa = PBXBuildFile; fileRef = 28D7ACF70DDB3853001CB0EB /* Objective_ZipViewController.m */; };
		6C12FAD3127B5A9100D74DA1 /* libz.dylib in Frameworks */ = {isa = PBXBuildFile; fileRef = 6C12FAD2127B5A9100D74DA1 /* libz.dylib */; };
		8C8F2D3A10EBC94B00F75833 /* Default.png in Resources */ = {isa = PBXBuildFile; fileRef = 8C8F2D3910EBC94B00F75833 /* Default.png */; };
		8C8F2D9310EBCE0300F75833 /* ObjectiveZipIcon.png in Resources */ = {isa = PBXBuildFile; fileRef = 8C8F2D9210EBCE0300F75833 /* ObjectiveZipIcon.png */; };
		96D49C2614CEE20E00C927AA /* Cocoa.framework in Frameworks */ = {isa = PBXBuildFile; fileRef = 96D49C2514CEE20E00C927AA /* Cocoa.framework */; };
		96D49C3414CEE31700C927AA /* ioapi.c in Sources */ = {isa = PBXBuildFile; fileRef = 8C6D352510E56A9000B63EFA /* ioapi.c */; };
		96D49C3514CEE32600C927AA /* mztools.c in Sources */ = {isa = PBXBuildFile; fileRef = 8C6D352710E56A9000B63EFA /* mztools.c */; };
		96D49C3614CEE32A00C927AA /* unzip.c in Sources */ = {isa = PBXBuildFile; fileRef = 8C6D352910E56A9000B63EFA /* unzip.c */; };
		96D49C3714CEE33A00C927AA /* zip.c in Sources */ = {isa = PBXBuildFile; fileRef = 8C6D352B10E56A9000B63EFA /* zip.c */; };
		96D49C3814CEE34600C927AA /* ZipFile.m in Sources */ = {isa = PBXBuildFile; fileRef = 8C6D353F10E56BD300B63EFA /* ZipFile.m */; };
		96D49C3914CEE34B00C927AA /* ZipWriteStream.m in Sources */ = {isa = PBXBuildFile; fileRef = 8C6D357510E5797600B63EFA /* ZipWriteStream.m */; };
		96D49C3A14CEE35300C927AA /* ZipFileInfo.m in Sources */ = {isa = PBXBuildFile; fileRef = 8C83F49410E7CBCB002FB3CB /* ZipFileInfo.m */; };
		96D49C3B14CEE36A00C927AA /* ZipReadStream.m in Sources */ = {isa = PBXBuildFile; fileRef = 8CBE431710E95FA300AC9ED3 /* ZipReadStream.m */; };
		96D49C3E14CF08F300C927AA /* libObjective-Zip.a in Frameworks */ = {isa = PBXBuildFile; fileRef = 96D49C2414CEE20E00C927AA /* libObjective-Zip.a */; };
		96D49C8214CF160000C927AA /* ioapi.c in Sources */ = {isa = PBXBuildFile; fileRef = 8C6D352510E56A9000B63EFA /* ioapi.c */; };
		96D49C8314CF160000C927AA /* mztools.c in Sources */ = {isa = PBXBuildFile; fileRef = 8C6D352710E56A9000B63EFA /* mztools.c */; };
		96D49C8414CF160000C927AA /* unzip.c in Sources */ = {isa = PBXBuildFile; fileRef = 8C6D352910E56A9000B63EFA /* unzip.c */; };
		96D49C8514CF160000C927AA /* zip.c in Sources */ = {isa = PBXBuildFile; fileRef = 8C6D352B10E56A9000B63EFA /* zip.c */; };
		96D49C8614CF160000C927AA /* ZipFile.m in Sources */ = {isa = PBXBuildFile; fileRef = 8C6D353F10E56BD300B63EFA /* ZipFile.m */; };
		96D49C8714CF160000C927AA /* ZipWriteStream.m in Sources */ = {isa = PBXBuildFile; fileRef = 8C6D357510E5797600B63EFA /* ZipWriteStream.m */; };
		96D49C8814CF160000C927AA /* ZipFileInfo.m in Sources */ = {isa = PBXBuildFile; fileRef = 8C83F49410E7CBCB002FB3CB /* ZipFileInfo.m */; };
		96D49C8914CF160000C927AA /* ZipReadStream.m in Sources */ = {isa = PBXBuildFile; fileRef = 8CBE431710E95FA300AC9ED3 /* ZipReadStream.m */; };
		96D49C8B14CF160000C927AA /* Cocoa.framework in Frameworks */ = {isa = PBXBuildFile; fileRef = 96D49C2514CEE20E00C927AA /* Cocoa.framework */; };
		96D49C9714CF16B100C927AA /* Cocoa.framework in Frameworks */ = {isa = PBXBuildFile; fileRef = 96D49C2514CEE20E00C927AA /* Cocoa.framework */; };
		96D49C9D14CF16B100C927AA /* InfoPlist.strings in Resources */ = {isa = PBXBuildFile; fileRef = 96D49C9B14CF16B100C927AA /* InfoPlist.strings */; };
		96D49CA714CF193100C927AA /* libObjective-Zip.a in Frameworks */ = {isa = PBXBuildFile; fileRef = 96D49C9014CF160000C927AA /* libObjective-Zip.a */; };
		96D49CA814CF194000C927AA /* Objective-Zip.h in Headers */ = {isa = PBXBuildFile; fileRef = 6C12FB0A127B5CA300D74DA1 /* Objective-Zip.h */; settings = {ATTRIBUTES = (Public, ); }; };
		96D49CA914CF194600C927AA /* ZipFile.h in Headers */ = {isa = PBXBuildFile; fileRef = 8C6D353E10E56BD300B63EFA /* ZipFile.h */; settings = {ATTRIBUTES = (Public, ); }; };
		96D49CAA14CF194A00C927AA /* ZipWriteStream.h in Headers */ = {isa = PBXBuildFile; fileRef = 8C6D357410E5797600B63EFA /* ZipWriteStream.h */; settings = {ATTRIBUTES = (Public, ); }; };
		96D49CAB14CF195200C927AA /* ZipReadStream.h in Headers */ = {isa = PBXBuildFile; fileRef = 8CBE431610E95FA300AC9ED3 /* ZipReadStream.h */; settings = {ATTRIBUTES = (Public, ); }; };
		96D49CAC14CF1DF400C927AA /* Objective_Zip.m in Sources */ = {isa = PBXBuildFile; fileRef = 96D49CA014CF16B100C927AA /* Objective_Zip.m */; };
		96D49CAD14CF1F2A00C927AA /* ZipFile.m in Sources */ = {isa = PBXBuildFile; fileRef = 8C6D353F10E56BD300B63EFA /* ZipFile.m */; };
		96D49CAE14CF1F2A00C927AA /* ZipWriteStream.m in Sources */ = {isa = PBXBuildFile; fileRef = 8C6D357510E5797600B63EFA /* ZipWriteStream.m */; };
		96D49CAF14CF1F2A00C927AA /* ZipFileInfo.m in Sources */ = {isa = PBXBuildFile; fileRef = 8C83F49410E7CBCB002FB3CB /* ZipFileInfo.m */; };
		96D49CB014CF1F2A00C927AA /* ZipReadStream.m in Sources */ = {isa = PBXBuildFile; fileRef = 8CBE431710E95FA300AC9ED3 /* ZipReadStream.m */; };
		96D49CB214CF1F9E00C927AA /* libz.dylib in Frameworks */ = {isa = PBXBuildFile; fileRef = 96D49CB114CF1F9E00C927AA /* libz.dylib */; };
/* End PBXBuildFile section */

/* Begin PBXContainerItemProxy section */
		96D49C3C14CF08DF00C927AA /* PBXContainerItemProxy */ = {
			isa = PBXContainerItemProxy;
			containerPortal = 29B97313FDCFA39411CA2CEA /* Project object */;
			proxyType = 1;
			remoteGlobalIDString = 96D49C2314CEE20E00C927AA;
			remoteInfo = "Objective-Zip";
		};
		96D49CA514CF192800C927AA /* PBXContainerItemProxy */ = {
			isa = PBXContainerItemProxy;
			containerPortal = 29B97313FDCFA39411CA2CEA /* Project object */;
			proxyType = 1;
			remoteGlobalIDString = 96D49C8014CF160000C927AA;
			remoteInfo = "Objective-Zip Intel";
		};
/* End PBXContainerItemProxy section */

/* Begin PBXFileReference section */
		1D30AB110D05D00D00671497 /* Foundation.framework */ = {isa = PBXFileReference; lastKnownFileType = wrapper.framework; name = Foundation.framework; path = System/Library/Frameworks/Foundation.framework; sourceTree = SDKROOT; };
		1D3623240D0F684500981E51 /* Objective_ZipAppDelegate.h */ = {isa = PBXFileReference; fileEncoding = 4; lastKnownFileType = sourcecode.c.h; path = Objective_ZipAppDelegate.h; sourceTree = "<group>"; };
		1D3623250D0F684500981E51 /* Objective_ZipAppDelegate.m */ = {isa = PBXFileReference; fileEncoding = 4; lastKnownFileType = sourcecode.c.objc; path = Objective_ZipAppDelegate.m; sourceTree = "<group>"; };
		1D6058910D05DD3D006BFB54 /* Objective-Zip Test.app */ = {isa = PBXFileReference; explicitFileType = wrapper.application; includeInIndex = 0; path = "Objective-Zip Test.app"; sourceTree = BUILT_PRODUCTS_DIR; };
		1DF5F4DF0D08C38300B7A737 /* UIKit.framework */ = {isa = PBXFileReference; lastKnownFileType = wrapper.framework; name = UIKit.framework; path = System/Library/Frameworks/UIKit.framework; sourceTree = SDKROOT; };
		288765A40DF7441C002DB57D /* CoreGraphics.framework */ = {isa = PBXFileReference; lastKnownFileType = wrapper.framework; name = CoreGraphics.framework; path = System/Library/Frameworks/CoreGraphics.framework; sourceTree = SDKROOT; };
		2899E5210DE3E06400AC0155 /* Objective_ZipViewController.xib */ = {isa = PBXFileReference; lastKnownFileType = file.xib; path = Objective_ZipViewController.xib; sourceTree = "<group>"; };
		28AD733E0D9D9553002E5188 /* MainWindow.xib */ = {isa = PBXFileReference; lastKnownFileType = file.xib; path = MainWindow.xib; sourceTree = "<group>"; };
		28D7ACF60DDB3853001CB0EB /* Objective_ZipViewController.h */ = {isa = PBXFileReference; fileEncoding = 4; lastKnownFileType = sourcecode.c.h; path = Objective_ZipViewController.h; sourceTree = "<group>"; };
		28D7ACF70DDB3853001CB0EB /* Objective_ZipViewController.m */ = {isa = PBXFileReference; fileEncoding = 4; lastKnownFileType = sourcecode.c.objc; path = Objective_ZipViewController.m; sourceTree = "<group>"; };
		29B97316FDCFA39411CA2CEA /* main.m */ = {isa = PBXFileReference; fileEncoding = 4; lastKnownFileType = sourcecode.c.objc; path = main.m; sourceTree = "<group>"; };
		32CA4F630368D1EE00C91783 /* Objective_Zip_Test_Prefix.pch */ = {isa = PBXFileReference; fileEncoding = 4; lastKnownFileType = sourcecode.c.h; path = Objective_Zip_Test_Prefix.pch; sourceTree = "<group>"; };
		6C12FAD2127B5A9100D74DA1 /* libz.dylib */ = {isa = PBXFileReference; lastKnownFileType = "compiled.mach-o.dylib"; name = libz.dylib; path = usr/lib/libz.dylib; sourceTree = SDKROOT; };
		6C12FB0A127B5CA300D74DA1 /* Objective-Zip.h */ = {isa = PBXFileReference; fileEncoding = 4; lastKnownFileType = sourcecode.c.h; path = "Objective-Zip.h"; sourceTree = "<group>"; };
		8C6D352410E56A9000B63EFA /* crypt.h */ = {isa = PBXFileReference; fileEncoding = 4; lastKnownFileType = sourcecode.c.h; name = crypt.h; path = MiniZip/crypt.h; sourceTree = "<group>"; };
		8C6D352510E56A9000B63EFA /* ioapi.c */ = {isa = PBXFileReference; fileEncoding = 4; lastKnownFileType = sourcecode.c.c; name = ioapi.c; path = MiniZip/ioapi.c; sourceTree = "<group>"; };
		8C6D352610E56A9000B63EFA /* ioapi.h */ = {isa = PBXFileReference; fileEncoding = 4; lastKnownFileType = sourcecode.c.h; name = ioapi.h; path = MiniZip/ioapi.h; sourceTree = "<group>"; };
		8C6D352710E56A9000B63EFA /* mztools.c */ = {isa = PBXFileReference; fileEncoding = 4; lastKnownFileType = sourcecode.c.c; name = mztools.c; path = MiniZip/mztools.c; sourceTree = "<group>"; };
		8C6D352810E56A9000B63EFA /* mztools.h */ = {isa = PBXFileReference; fileEncoding = 4; lastKnownFileType = sourcecode.c.h; name = mztools.h; path = MiniZip/mztools.h; sourceTree = "<group>"; };
		8C6D352910E56A9000B63EFA /* unzip.c */ = {isa = PBXFileReference; fileEncoding = 4; lastKnownFileType = sourcecode.c.c; name = unzip.c; path = MiniZip/unzip.c; sourceTree = "<group>"; };
		8C6D352A10E56A9000B63EFA /* unzip.h */ = {isa = PBXFileReference; fileEncoding = 4; lastKnownFileType = sourcecode.c.h; name = unzip.h; path = MiniZip/unzip.h; sourceTree = "<group>"; };
		8C6D352B10E56A9000B63EFA /* zip.c */ = {isa = PBXFileReference; fileEncoding = 4; lastKnownFileType = sourcecode.c.c; name = zip.c; path = MiniZip/zip.c; sourceTree = "<group>"; };
		8C6D352C10E56A9000B63EFA /* zip.h */ = {isa = PBXFileReference; fileEncoding = 4; lastKnownFileType = sourcecode.c.h; name = zip.h; path = MiniZip/zip.h; sourceTree = "<group>"; };
		8C6D353E10E56BD300B63EFA /* ZipFile.h */ = {isa = PBXFileReference; fileEncoding = 4; lastKnownFileType = sourcecode.c.h; name = ZipFile.h; path = "Objective-Zip/ZipFile.h"; sourceTree = "<group>"; };
		8C6D353F10E56BD300B63EFA /* ZipFile.m */ = {isa = PBXFileReference; fileEncoding = 4; lastKnownFileType = sourcecode.c.objc; name = ZipFile.m; path = "Objective-Zip/ZipFile.m"; sourceTree = "<group>"; };
		8C6D357410E5797600B63EFA /* ZipWriteStream.h */ = {isa = PBXFileReference; fileEncoding = 4; lastKnownFileType = sourcecode.c.h; name = ZipWriteStream.h; path = "Objective-Zip/ZipWriteStream.h"; sourceTree = "<group>"; };
		8C6D357510E5797600B63EFA /* ZipWriteStream.m */ = {isa = PBXFileReference; fileEncoding = 4; lastKnownFileType = sourcecode.c.objc; name = ZipWriteStream.m; path = "Objective-Zip/ZipWriteStream.m"; sourceTree = "<group>"; };
		8C83F49310E7CBCB002FB3CB /* ZipFileInfo.h */ = {isa = PBXFileReference; fileEncoding = 4; lastKnownFileType = sourcecode.c.h; name = ZipFileInfo.h; path = "Objective-Zip/ZipFileInfo.h"; sourceTree = "<group>"; };
		8C83F49410E7CBCB002FB3CB /* ZipFileInfo.m */ = {isa = PBXFileReference; fileEncoding = 4; lastKnownFileType = sourcecode.c.objc; name = ZipFileInfo.m; path = "Objective-Zip/ZipFileInfo.m"; sourceTree = "<group>"; };
		8C8F2D3910EBC94B00F75833 /* Default.png */ = {isa = PBXFileReference; lastKnownFileType = image.png; path = Default.png; sourceTree = "<group>"; };
		8C8F2D9210EBCE0300F75833 /* ObjectiveZipIcon.png */ = {isa = PBXFileReference; lastKnownFileType = image.png; path = ObjectiveZipIcon.png; sourceTree = "<group>"; };
		8CBE431610E95FA300AC9ED3 /* ZipReadStream.h */ = {isa = PBXFileReference; fileEncoding = 4; lastKnownFileType = sourcecode.c.h; name = ZipReadStream.h; path = "Objective-Zip/ZipReadStream.h"; sourceTree = "<group>"; };
		8CBE431710E95FA300AC9ED3 /* ZipReadStream.m */ = {isa = PBXFileReference; fileEncoding = 4; lastKnownFileType = sourcecode.c.objc; name = ZipReadStream.m; path = "Objective-Zip/ZipReadStream.m"; sourceTree = "<group>"; };
		8D1107310486CEB800E47090 /* Objective_Zip_Test-Info.plist */ = {isa = PBXFileReference; fileEncoding = 4; lastKnownFileType = text.plist.xml; path = "Objective_Zip_Test-Info.plist"; plistStructureDefinitionIdentifier = "com.apple.xcode.plist.structure-definition.iphone.info-plist"; sourceTree = "<group>"; };
		96C8290414CF3A4900E04CBB /* Readme.markdown */ = {isa = PBXFileReference; lastKnownFileType = text; path = Readme.markdown; sourceTree = "<group>"; };
		96C8290614CF44C400E04CBB /* Acknowledgements.rtf */ = {isa = PBXFileReference; lastKnownFileType = text.rtf; path = Acknowledgements.rtf; sourceTree = "<group>"; };
		96D49C2414CEE20E00C927AA /* libObjective-Zip.a */ = {isa = PBXFileReference; explicitFileType = archive.ar; includeInIndex = 0; path = "libObjective-Zip.a"; sourceTree = BUILT_PRODUCTS_DIR; };
		96D49C2514CEE20E00C927AA /* Cocoa.framework */ = {isa = PBXFileReference; lastKnownFileType = wrapper.framework; name = Cocoa.framework; path = System/Library/Frameworks/Cocoa.framework; sourceTree = SDKROOT; };
		96D49C2814CEE20E00C927AA /* AppKit.framework */ = {isa = PBXFileReference; lastKnownFileType = wrapper.framework; name = AppKit.framework; path = System/Library/Frameworks/AppKit.framework; sourceTree = SDKROOT; };
		96D49C2914CEE20E00C927AA /* CoreData.framework */ = {isa = PBXFileReference; lastKnownFileType = wrapper.framework; name = CoreData.framework; path = System/Library/Frameworks/CoreData.framework; sourceTree = SDKROOT; };
		96D49C2A14CEE20E00C927AA /* Foundation.framework */ = {isa = PBXFileReference; lastKnownFileType = wrapper.framework; name = Foundation.framework; path = System/Library/Frameworks/Foundation.framework; sourceTree = SDKROOT; };
		96D49C9014CF160000C927AA /* libObjective-Zip.a */ = {isa = PBXFileReference; explicitFileType = archive.ar; includeInIndex = 0; path = "libObjective-Zip.a"; sourceTree = BUILT_PRODUCTS_DIR; };
		96D49C9614CF16B100C927AA /* Objective-Zip.framework */ = {isa = PBXFileReference; explicitFileType = wrapper.framework; includeInIndex = 0; path = "Objective-Zip.framework"; sourceTree = BUILT_PRODUCTS_DIR; };
		96D49C9A14CF16B100C927AA /* Objective-Zip-Info.plist */ = {isa = PBXFileReference; lastKnownFileType = text.plist.xml; path = "Objective-Zip-Info.plist"; sourceTree = "<group>"; };
		96D49C9C14CF16B100C927AA /* en */ = {isa = PBXFileReference; lastKnownFileType = text.plist.strings; name = en; path = en.lproj/InfoPlist.strings; sourceTree = "<group>"; };
		96D49C9E14CF16B100C927AA /* Objective-Zip-Prefix.pch */ = {isa = PBXFileReference; lastKnownFileType = sourcecode.c.h; path = "Objective-Zip-Prefix.pch"; sourceTree = "<group>"; };
		96D49C9F14CF16B100C927AA /* Objective_Zip.h */ = {isa = PBXFileReference; lastKnownFileType = sourcecode.c.h; path = Objective_Zip.h; sourceTree = "<group>"; };
		96D49CA014CF16B100C927AA /* Objective_Zip.m */ = {isa = PBXFileReference; lastKnownFileType = sourcecode.c.objc; path = Objective_Zip.m; sourceTree = "<group>"; };
		96D49CB114CF1F9E00C927AA /* libz.dylib */ = {isa = PBXFileReference; lastKnownFileType = "compiled.mach-o.dylib"; name = libz.dylib; path = SDKs/MacOSX10.7.sdk/usr/lib/libz.dylib; sourceTree = DEVELOPER_DIR; };
/* End PBXFileReference section */

/* Begin PBXFrameworksBuildPhase section */
		1D60588F0D05DD3D006BFB54 /* Frameworks */ = {
			isa = PBXFrameworksBuildPhase;
			buildActionMask = 2147483647;
			files = (
				96D49C3E14CF08F300C927AA /* libObjective-Zip.a in Frameworks */,
				1D60589F0D05DD5A006BFB54 /* Foundation.framework in Frameworks */,
				1DF5F4E00D08C38300B7A737 /* UIKit.framework in Frameworks */,
				288765A50DF7441C002DB57D /* CoreGraphics.framework in Frameworks */,
				6C12FAD3127B5A9100D74DA1 /* libz.dylib in Frameworks */,
			);
			runOnlyForDeploymentPostprocessing = 0;
		};
		96D49C2114CEE20E00C927AA /* Frameworks */ = {
			isa = PBXFrameworksBuildPhase;
			buildActionMask = 2147483647;
			files = (
				96D49C2614CEE20E00C927AA /* Cocoa.framework in Frameworks */,
			);
			runOnlyForDeploymentPostprocessing = 0;
		};
		96D49C8A14CF160000C927AA /* Frameworks */ = {
			isa = PBXFrameworksBuildPhase;
			buildActionMask = 2147483647;
			files = (
				96D49C8B14CF160000C927AA /* Cocoa.framework in Frameworks */,
			);
			runOnlyForDeploymentPostprocessing = 0;
		};
		96D49C9214CF16B100C927AA /* Frameworks */ = {
			isa = PBXFrameworksBuildPhase;
			buildActionMask = 2147483647;
			files = (
				96D49CB214CF1F9E00C927AA /* libz.dylib in Frameworks */,
				96D49CA714CF193100C927AA /* libObjective-Zip.a in Frameworks */,
				96D49C9714CF16B100C927AA /* Cocoa.framework in Frameworks */,
			);
			runOnlyForDeploymentPostprocessing = 0;
		};
/* End PBXFrameworksBuildPhase section */

/* Begin PBXGroup section */
		080E96DDFE201D6D7F000001 /* Classes */ = {
			isa = PBXGroup;
			children = (
				1D3623240D0F684500981E51 /* Objective_ZipAppDelegate.h */,
				1D3623250D0F684500981E51 /* Objective_ZipAppDelegate.m */,
				28D7ACF60DDB3853001CB0EB /* Objective_ZipViewController.h */,
				28D7ACF70DDB3853001CB0EB /* Objective_ZipViewController.m */,
			);
			path = Classes;
			sourceTree = "<group>";
		};
		19C28FACFE9D520D11CA2CBB /* Products */ = {
			isa = PBXGroup;
			children = (
				1D6058910D05DD3D006BFB54 /* Objective-Zip Test.app */,
				96D49C2414CEE20E00C927AA /* libObjective-Zip.a */,
				96D49C9014CF160000C927AA /* libObjective-Zip.a */,
				96D49C9614CF16B100C927AA /* Objective-Zip.framework */,
			);
			name = Products;
			sourceTree = "<group>";
		};
		29B97314FDCFA39411CA2CEA /* CustomTemplate */ = {
			isa = PBXGroup;
			children = (
				96C8290414CF3A4900E04CBB /* Readme.markdown */,
				96C8290614CF44C400E04CBB /* Acknowledgements.rtf */,
				8C6D353B10E56BA400B63EFA /* Objective-Zip */,
				8C6D350110E56A4B00B63EFA /* MiniZip */,
				96D49C1A14CEE05D00C927AA /* TestApp */,
				96D49C9814CF16B100C927AA /* Objective-Zip Framework */,
				29B97323FDCFA39411CA2CEA /* Frameworks */,
				19C28FACFE9D520D11CA2CBB /* Products */,
			);
			name = CustomTemplate;
			sourceTree = "<group>";
		};
		29B97315FDCFA39411CA2CEA /* Other Sources */ = {
			isa = PBXGroup;
			children = (
				32CA4F630368D1EE00C91783 /* Objective_Zip_Test_Prefix.pch */,
				29B97316FDCFA39411CA2CEA /* main.m */,
			);
			name = "Other Sources";
			sourceTree = "<group>";
		};
		29B97317FDCFA39411CA2CEA /* Resources */ = {
			isa = PBXGroup;
			children = (
				8C8F2D9210EBCE0300F75833 /* ObjectiveZipIcon.png */,
				8C8F2D3910EBC94B00F75833 /* Default.png */,
				2899E5210DE3E06400AC0155 /* Objective_ZipViewController.xib */,
				28AD733E0D9D9553002E5188 /* MainWindow.xib */,
				8D1107310486CEB800E47090 /* Objective_Zip_Test-Info.plist */,
			);
			name = Resources;
			sourceTree = "<group>";
		};
		29B97323FDCFA39411CA2CEA /* Frameworks */ = {
			isa = PBXGroup;
			children = (
				96D49CB114CF1F9E00C927AA /* libz.dylib */,
				1DF5F4DF0D08C38300B7A737 /* UIKit.framework */,
				1D30AB110D05D00D00671497 /* Foundation.framework */,
				288765A40DF7441C002DB57D /* CoreGraphics.framework */,
				6C12FAD2127B5A9100D74DA1 /* libz.dylib */,
				96D49C2514CEE20E00C927AA /* Cocoa.framework */,
				96D49C2714CEE20E00C927AA /* Other Frameworks */,
			);
			name = Frameworks;
			sourceTree = "<group>";
		};
		8C6D350110E56A4B00B63EFA /* MiniZip */ = {
			isa = PBXGroup;
			children = (
				8C6D352410E56A9000B63EFA /* crypt.h */,
				8C6D352510E56A9000B63EFA /* ioapi.c */,
				8C6D352610E56A9000B63EFA /* ioapi.h */,
				8C6D352710E56A9000B63EFA /* mztools.c */,
				8C6D352810E56A9000B63EFA /* mztools.h */,
				8C6D352910E56A9000B63EFA /* unzip.c */,
				8C6D352A10E56A9000B63EFA /* unzip.h */,
				8C6D352B10E56A9000B63EFA /* zip.c */,
				8C6D352C10E56A9000B63EFA /* zip.h */,
			);
			name = MiniZip;
			sourceTree = "<group>";
		};
		8C6D353B10E56BA400B63EFA /* Objective-Zip */ = {
			isa = PBXGroup;
			children = (
				8C6D353E10E56BD300B63EFA /* ZipFile.h */,
				8C6D353F10E56BD300B63EFA /* ZipFile.m */,
				8C6D357410E5797600B63EFA /* ZipWriteStream.h */,
				8C6D357510E5797600B63EFA /* ZipWriteStream.m */,
				8C83F49310E7CBCB002FB3CB /* ZipFileInfo.h */,
				8C83F49410E7CBCB002FB3CB /* ZipFileInfo.m */,
				8CBE431610E95FA300AC9ED3 /* ZipReadStream.h */,
				8CBE431710E95FA300AC9ED3 /* ZipReadStream.m */,
				6C12FB0A127B5CA300D74DA1 /* Objective-Zip.h */,
			);
			name = "Objective-Zip";
			sourceTree = "<group>";
		};
		96D49C1A14CEE05D00C927AA /* TestApp */ = {
			isa = PBXGroup;
			children = (
				080E96DDFE201D6D7F000001 /* Classes */,
				29B97315FDCFA39411CA2CEA /* Other Sources */,
				29B97317FDCFA39411CA2CEA /* Resources */,
			);
			path = TestApp;
			sourceTree = "<group>";
		};
		96D49C2714CEE20E00C927AA /* Other Frameworks */ = {
			isa = PBXGroup;
			children = (
				96D49C2814CEE20E00C927AA /* AppKit.framework */,
				96D49C2914CEE20E00C927AA /* CoreData.framework */,
				96D49C2A14CEE20E00C927AA /* Foundation.framework */,
			);
			name = "Other Frameworks";
			sourceTree = "<group>";
		};
		96D49C9814CF16B100C927AA /* Objective-Zip Framework */ = {
			isa = PBXGroup;
			children = (
				96D49C9F14CF16B100C927AA /* Objective_Zip.h */,
				96D49CA014CF16B100C927AA /* Objective_Zip.m */,
				96D49C9914CF16B100C927AA /* Supporting Files */,
			);
			path = "Objective-Zip Framework";
			sourceTree = "<group>";
		};
		96D49C9914CF16B100C927AA /* Supporting Files */ = {
			isa = PBXGroup;
			children = (
				96D49C9A14CF16B100C927AA /* Objective-Zip-Info.plist */,
				96D49C9B14CF16B100C927AA /* InfoPlist.strings */,
				96D49C9E14CF16B100C927AA /* Objective-Zip-Prefix.pch */,
			);
			name = "Supporting Files";
			sourceTree = "<group>";
		};
/* End PBXGroup section */

/* Begin PBXHeadersBuildPhase section */
		96D49C2214CEE20E00C927AA /* Headers */ = {
			isa = PBXHeadersBuildPhase;
			buildActionMask = 2147483647;
			files = (
			);
			runOnlyForDeploymentPostprocessing = 0;
		};
		96D49C8C14CF160000C927AA /* Headers */ = {
			isa = PBXHeadersBuildPhase;
			buildActionMask = 2147483647;
			files = (
			);
			runOnlyForDeploymentPostprocessing = 0;
		};
		96D49C9314CF16B100C927AA /* Headers */ = {
			isa = PBXHeadersBuildPhase;
			buildActionMask = 2147483647;
			files = (
				96D49CA814CF194000C927AA /* Objective-Zip.h in Headers */,
				96D49CA914CF194600C927AA /* ZipFile.h in Headers */,
				96D49CAB14CF195200C927AA /* ZipReadStream.h in Headers */,
				96D49CAA14CF194A00C927AA /* ZipWriteStream.h in Headers */,
			);
			runOnlyForDeploymentPostprocessing = 0;
		};
/* End PBXHeadersBuildPhase section */

/* Begin PBXNativeTarget section */
		1D6058900D05DD3D006BFB54 /* Objective-Zip Test */ = {
			isa = PBXNativeTarget;
			buildConfigurationList = 1D6058960D05DD3E006BFB54 /* Build configuration list for PBXNativeTarget "Objective-Zip Test" */;
			buildPhases = (
				1D60588D0D05DD3D006BFB54 /* Resources */,
				1D60588E0D05DD3D006BFB54 /* Sources */,
				1D60588F0D05DD3D006BFB54 /* Frameworks */,
			);
			buildRules = (
			);
			dependencies = (
				96D49C3D14CF08DF00C927AA /* PBXTargetDependency */,
			);
			name = "Objective-Zip Test";
			productName = "Objective-Zip";
			productReference = 1D6058910D05DD3D006BFB54 /* Objective-Zip Test.app */;
			productType = "com.apple.product-type.application";
		};
		96D49C2314CEE20E00C927AA /* Objective-Zip ARM */ = {
			isa = PBXNativeTarget;
			buildConfigurationList = 96D49C3114CEE20E00C927AA /* Build configuration list for PBXNativeTarget "Objective-Zip ARM" */;
			buildPhases = (
				96D49C2014CEE20E00C927AA /* Sources */,
				96D49C2114CEE20E00C927AA /* Frameworks */,
				96D49C2214CEE20E00C927AA /* Headers */,
			);
			buildRules = (
			);
			dependencies = (
			);
			name = "Objective-Zip ARM";
			productName = "Objective-Zip";
			productReference = 96D49C2414CEE20E00C927AA /* libObjective-Zip.a */;
			productType = "com.apple.product-type.library.static";
		};
		96D49C8014CF160000C927AA /* Objective-Zip Intel */ = {
			isa = PBXNativeTarget;
			buildConfigurationList = 96D49C8D14CF160000C927AA /* Build configuration list for PBXNativeTarget "Objective-Zip Intel" */;
			buildPhases = (
				96D49C8114CF160000C927AA /* Sources */,
				96D49C8A14CF160000C927AA /* Frameworks */,
				96D49C8C14CF160000C927AA /* Headers */,
			);
			buildRules = (
			);
			dependencies = (
			);
			name = "Objective-Zip Intel";
			productName = "Objective-Zip";
			productReference = 96D49C9014CF160000C927AA /* libObjective-Zip.a */;
			productType = "com.apple.product-type.library.static";
		};
		96D49C9514CF16B100C927AA /* Objective-Zip */ = {
			isa = PBXNativeTarget;
			buildConfigurationList = 96D49CA214CF16B100C927AA /* Build configuration list for PBXNativeTarget "Objective-Zip" */;
			buildPhases = (
				96D49C9114CF16B100C927AA /* Sources */,
				96D49C9214CF16B100C927AA /* Frameworks */,
				96D49C9314CF16B100C927AA /* Headers */,
				96D49C9414CF16B100C927AA /* Resources */,
			);
			buildRules = (
			);
			dependencies = (
				96D49CA614CF192800C927AA /* PBXTargetDependency */,
			);
			name = "Objective-Zip";
			productName = "Objective-Zip";
			productReference = 96D49C9614CF16B100C927AA /* Objective-Zip.framework */;
			productType = "com.apple.product-type.framework";
		};
/* End PBXNativeTarget section */

/* Begin PBXProject section */
		29B97313FDCFA39411CA2CEA /* Project object */ = {
			isa = PBXProject;
			attributes = {
				LastUpgradeCheck = 0420;
			};
			buildConfigurationList = C01FCF4E08A954540054247B /* Build configuration list for PBXProject "Objective-Zip" */;
			compatibilityVersion = "Xcode 3.2";
			developmentRegion = English;
			hasScannedForEncodings = 1;
			knownRegions = (
				English,
				Japanese,
				French,
				German,
				en,
			);
			mainGroup = 29B97314FDCFA39411CA2CEA /* CustomTemplate */;
			projectDirPath = "";
			projectRoot = "";
			targets = (
				96D49C2314CEE20E00C927AA /* Objective-Zip ARM */,
				96D49C8014CF160000C927AA /* Objective-Zip Intel */,
				96D49C9514CF16B100C927AA /* Objective-Zip */,
				1D6058900D05DD3D006BFB54 /* Objective-Zip Test */,
			);
		};
/* End PBXProject section */

/* Begin PBXResourcesBuildPhase section */
		1D60588D0D05DD3D006BFB54 /* Resources */ = {
			isa = PBXResourcesBuildPhase;
			buildActionMask = 2147483647;
			files = (
				28AD733F0D9D9553002E5188 /* MainWindow.xib in Resources */,
				2899E5220DE3E06400AC0155 /* Objective_ZipViewController.xib in Resources */,
				8C8F2D3A10EBC94B00F75833 /* Default.png in Resources */,
				8C8F2D9310EBCE0300F75833 /* ObjectiveZipIcon.png in Resources */,
			);
			runOnlyForDeploymentPostprocessing = 0;
		};
		96D49C9414CF16B100C927AA /* Resources */ = {
			isa = PBXResourcesBuildPhase;
			buildActionMask = 2147483647;
			files = (
				96D49C9D14CF16B100C927AA /* InfoPlist.strings in Resources */,
			);
			runOnlyForDeploymentPostprocessing = 0;
		};
/* End PBXResourcesBuildPhase section */

/* Begin PBXSourcesBuildPhase section */
		1D60588E0D05DD3D006BFB54 /* Sources */ = {
			isa = PBXSourcesBuildPhase;
			buildActionMask = 2147483647;
			files = (
				1D60589B0D05DD56006BFB54 /* main.m in Sources */,
				1D3623260D0F684500981E51 /* Objective_ZipAppDelegate.m in Sources */,
				28D7ACF80DDB3853001CB0EB /* Objective_ZipViewController.m in Sources */,
			);
			runOnlyForDeploymentPostprocessing = 0;
		};
		96D49C2014CEE20E00C927AA /* Sources */ = {
			isa = PBXSourcesBuildPhase;
			buildActionMask = 2147483647;
			files = (
				96D49C3414CEE31700C927AA /* ioapi.c in Sources */,
				96D49C3514CEE32600C927AA /* mztools.c in Sources */,
				96D49C3614CEE32A00C927AA /* unzip.c in Sources */,
				96D49C3714CEE33A00C927AA /* zip.c in Sources */,
				96D49C3814CEE34600C927AA /* ZipFile.m in Sources */,
				96D49C3914CEE34B00C927AA /* ZipWriteStream.m in Sources */,
				96D49C3A14CEE35300C927AA /* ZipFileInfo.m in Sources */,
				96D49C3B14CEE36A00C927AA /* ZipReadStream.m in Sources */,
			);
			runOnlyForDeploymentPostprocessing = 0;
		};
		96D49C8114CF160000C927AA /* Sources */ = {
			isa = PBXSourcesBuildPhase;
			buildActionMask = 2147483647;
			files = (
				96D49C8214CF160000C927AA /* ioapi.c in Sources */,
				96D49C8314CF160000C927AA /* mztools.c in Sources */,
				96D49C8414CF160000C927AA /* unzip.c in Sources */,
				96D49C8514CF160000C927AA /* zip.c in Sources */,
				96D49C8614CF160000C927AA /* ZipFile.m in Sources */,
				96D49C8714CF160000C927AA /* ZipWriteStream.m in Sources */,
				96D49C8814CF160000C927AA /* ZipFileInfo.m in Sources */,
				96D49C8914CF160000C927AA /* ZipReadStream.m in Sources */,
			);
			runOnlyForDeploymentPostprocessing = 0;
		};
		96D49C9114CF16B100C927AA /* Sources */ = {
			isa = PBXSourcesBuildPhase;
			buildActionMask = 2147483647;
			files = (
				96D49CAC14CF1DF400C927AA /* Objective_Zip.m in Sources */,
				96D49CAD14CF1F2A00C927AA /* ZipFile.m in Sources */,
				96D49CAE14CF1F2A00C927AA /* ZipWriteStream.m in Sources */,
				96D49CAF14CF1F2A00C927AA /* ZipFileInfo.m in Sources */,
				96D49CB014CF1F2A00C927AA /* ZipReadStream.m in Sources */,
			);
			runOnlyForDeploymentPostprocessing = 0;
		};
/* End PBXSourcesBuildPhase section */

/* Begin PBXTargetDependency section */
		96D49C3D14CF08DF00C927AA /* PBXTargetDependency */ = {
			isa = PBXTargetDependency;
			target = 96D49C2314CEE20E00C927AA /* Objective-Zip ARM */;
			targetProxy = 96D49C3C14CF08DF00C927AA /* PBXContainerItemProxy */;
		};
		96D49CA614CF192800C927AA /* PBXTargetDependency */ = {
			isa = PBXTargetDependency;
			target = 96D49C8014CF160000C927AA /* Objective-Zip Intel */;
			targetProxy = 96D49CA514CF192800C927AA /* PBXContainerItemProxy */;
		};
/* End PBXTargetDependency section */

/* Begin PBXVariantGroup section */
		96D49C9B14CF16B100C927AA /* InfoPlist.strings */ = {
			isa = PBXVariantGroup;
			children = (
				96D49C9C14CF16B100C927AA /* en */,
			);
			name = InfoPlist.strings;
			sourceTree = "<group>";
		};
/* End PBXVariantGroup section */

/* Begin XCBuildConfiguration section */
		1D6058940D05DD3E006BFB54 /* Debug */ = {
			isa = XCBuildConfiguration;
			buildSettings = {
				ALWAYS_SEARCH_USER_PATHS = NO;
				COPY_PHASE_STRIP = NO;
				GCC_DYNAMIC_NO_PIC = NO;
				GCC_OPTIMIZATION_LEVEL = 0;
				GCC_PRECOMPILE_PREFIX_HEADER = YES;
				GCC_PREFIX_HEADER = TestApp/Objective_Zip_Test_Prefix.pch;
				INFOPLIST_FILE = "TestApp/Objective_Zip_Test-Info.plist";
				PRODUCT_NAME = "Objective-Zip Test";
				SDKROOT = iphoneos;
			};
			name = Debug;
		};
		1D6058950D05DD3E006BFB54 /* Release */ = {
			isa = XCBuildConfiguration;
			buildSettings = {
				ALWAYS_SEARCH_USER_PATHS = NO;
				COPY_PHASE_STRIP = YES;
				GCC_PRECOMPILE_PREFIX_HEADER = YES;
				GCC_PREFIX_HEADER = TestApp/Objective_Zip_Test_Prefix.pch;
				INFOPLIST_FILE = "TestApp/Objective_Zip_Test-Info.plist";
				PRODUCT_NAME = "Objective-Zip Test";
				SDKROOT = iphoneos;
			};
			name = Release;
		};
		96D49C3214CEE20E00C927AA /* Debug */ = {
			isa = XCBuildConfiguration;
			buildSettings = {
				ALWAYS_SEARCH_USER_PATHS = NO;
				COPY_PHASE_STRIP = NO;
				GCC_C_LANGUAGE_STANDARD = gnu99;
				GCC_DYNAMIC_NO_PIC = NO;
				GCC_ENABLE_OBJC_EXCEPTIONS = YES;
				GCC_OPTIMIZATION_LEVEL = 0;
				GCC_PRECOMPILE_PREFIX_HEADER = YES;
				GCC_PREPROCESSOR_DEFINITIONS = (
					"DEBUG=1",
					"$(inherited)",
				);
				GCC_SYMBOLS_PRIVATE_EXTERN = NO;
				GCC_WARN_64_TO_32_BIT_CONVERSION = YES;
				GCC_WARN_ABOUT_MISSING_PROTOTYPES = YES;
				MACOSX_DEPLOYMENT_TARGET = 10.7;
				ONLY_ACTIVE_ARCH = YES;
				PRODUCT_NAME = "Objective-Zip";
				SDKROOT = iphoneos;
			};
			name = Debug;
		};
		96D49C3314CEE20E00C927AA /* Release */ = {
			isa = XCBuildConfiguration;
			buildSettings = {
				ALWAYS_SEARCH_USER_PATHS = NO;
				COPY_PHASE_STRIP = YES;
				DEBUG_INFORMATION_FORMAT = "dwarf-with-dsym";
				GCC_C_LANGUAGE_STANDARD = gnu99;
				GCC_ENABLE_OBJC_EXCEPTIONS = YES;
				GCC_PRECOMPILE_PREFIX_HEADER = YES;
				GCC_WARN_64_TO_32_BIT_CONVERSION = YES;
				GCC_WARN_ABOUT_MISSING_PROTOTYPES = YES;
				MACOSX_DEPLOYMENT_TARGET = 10.7;
				PRODUCT_NAME = "Objective-Zip";
				SDKROOT = iphoneos;
			};
			name = Release;
		};
		96D49C8E14CF160000C927AA /* Debug */ = {
			isa = XCBuildConfiguration;
			buildSettings = {
				ALWAYS_SEARCH_USER_PATHS = NO;
				ARCHS = "$(ARCHS_STANDARD_32_64_BIT)";
				COPY_PHASE_STRIP = NO;
				GCC_C_LANGUAGE_STANDARD = gnu99;
				GCC_DYNAMIC_NO_PIC = NO;
				GCC_ENABLE_OBJC_EXCEPTIONS = YES;
				GCC_OPTIMIZATION_LEVEL = 0;
				GCC_PRECOMPILE_PREFIX_HEADER = YES;
				GCC_PREPROCESSOR_DEFINITIONS = (
					"DEBUG=1",
					"$(inherited)",
				);
				GCC_SYMBOLS_PRIVATE_EXTERN = NO;
				GCC_WARN_64_TO_32_BIT_CONVERSION = YES;
				GCC_WARN_ABOUT_MISSING_PROTOTYPES = YES;
				MACOSX_DEPLOYMENT_TARGET = 10.7;
				ONLY_ACTIVE_ARCH = YES;
				PRODUCT_NAME = "Objective-Zip";
			};
			name = Debug;
		};
		96D49C8F14CF160000C927AA /* Release */ = {
			isa = XCBuildConfiguration;
			buildSettings = {
				ALWAYS_SEARCH_USER_PATHS = NO;
				ARCHS = "$(ARCHS_STANDARD_32_64_BIT)";
				COPY_PHASE_STRIP = YES;
				DEBUG_INFORMATION_FORMAT = "dwarf-with-dsym";
				GCC_C_LANGUAGE_STANDARD = gnu99;
				GCC_ENABLE_OBJC_EXCEPTIONS = YES;
				GCC_PRECOMPILE_PREFIX_HEADER = YES;
				GCC_WARN_64_TO_32_BIT_CONVERSION = YES;
				GCC_WARN_ABOUT_MISSING_PROTOTYPES = YES;
				MACOSX_DEPLOYMENT_TARGET = 10.7;
				PRODUCT_NAME = "Objective-Zip";
			};
			name = Release;
		};
		96D49CA314CF16B100C927AA /* Debug */ = {
			isa = XCBuildConfiguration;
			buildSettings = {
				ALWAYS_SEARCH_USER_PATHS = NO;
				ARCHS = "$(ARCHS_STANDARD_64_BIT)";
				COPY_PHASE_STRIP = NO;
				DYLIB_COMPATIBILITY_VERSION = 1;
				DYLIB_CURRENT_VERSION = 1;
				FRAMEWORK_VERSION = A;
				GCC_C_LANGUAGE_STANDARD = gnu99;
				GCC_DYNAMIC_NO_PIC = NO;
				GCC_ENABLE_OBJC_EXCEPTIONS = YES;
				GCC_OPTIMIZATION_LEVEL = 0;
				GCC_PRECOMPILE_PREFIX_HEADER = YES;
				GCC_PREFIX_HEADER = "Objective-Zip Framework/Objective-Zip-Prefix.pch";
				GCC_PREPROCESSOR_DEFINITIONS = (
					"DEBUG=1",
					"$(inherited)",
				);
				GCC_SYMBOLS_PRIVATE_EXTERN = NO;
				GCC_WARN_64_TO_32_BIT_CONVERSION = YES;
				GCC_WARN_ABOUT_MISSING_PROTOTYPES = YES;
				INFOPLIST_FILE = "Objective-Zip Framework/Objective-Zip-Info.plist";
				INSTALL_PATH = "@executable_path/../Frameworks";
				MACOSX_DEPLOYMENT_TARGET = 10.7;
				ONLY_ACTIVE_ARCH = YES;
				PRODUCT_NAME = "$(TARGET_NAME)";
				SDKROOT = macosx;
				WRAPPER_EXTENSION = framework;
			};
			name = Debug;
		};
		96D49CA414CF16B100C927AA /* Release */ = {
			isa = XCBuildConfiguration;
			buildSettings = {
				ALWAYS_SEARCH_USER_PATHS = NO;
				ARCHS = "$(ARCHS_STANDARD_64_BIT)";
				COPY_PHASE_STRIP = YES;
				DEBUG_INFORMATION_FORMAT = "dwarf-with-dsym";
				DYLIB_COMPATIBILITY_VERSION = 1;
				DYLIB_CURRENT_VERSION = 1;
				FRAMEWORK_VERSION = A;
				GCC_C_LANGUAGE_STANDARD = gnu99;
				GCC_ENABLE_OBJC_EXCEPTIONS = YES;
				GCC_PRECOMPILE_PREFIX_HEADER = YES;
				GCC_PREFIX_HEADER = "Objective-Zip Framework/Objective-Zip-Prefix.pch";
				GCC_WARN_64_TO_32_BIT_CONVERSION = YES;
				GCC_WARN_ABOUT_MISSING_PROTOTYPES = YES;
				INFOPLIST_FILE = "Objective-Zip Framework/Objective-Zip-Info.plist";
				INSTALL_PATH = "@executable_path/../Frameworks";
				MACOSX_DEPLOYMENT_TARGET = 10.7;
				PRODUCT_NAME = "$(TARGET_NAME)";
				SDKROOT = macosx;
				WRAPPER_EXTENSION = framework;
			};
			name = Release;
		};
		C01FCF4F08A954540054247B /* Debug */ = {
			isa = XCBuildConfiguration;
			buildSettings = {
				GCC_C_LANGUAGE_STANDARD = c99;
				GCC_VERSION = com.apple.compilers.llvm.clang.1_0;
				GCC_WARN_ABOUT_RETURN_TYPE = YES;
				GCC_WARN_UNUSED_VARIABLE = YES;
			};
			name = Debug;
		};
		C01FCF5008A954540054247B /* Release */ = {
			isa = XCBuildConfiguration;
			buildSettings = {
				GCC_C_LANGUAGE_STANDARD = c99;
				GCC_VERSION = com.apple.compilers.llvm.clang.1_0;
				GCC_WARN_ABOUT_RETURN_TYPE = YES;
				GCC_WARN_UNUSED_VARIABLE = YES;
			};
			name = Release;
		};
/* End XCBuildConfiguration section */

/* Begin XCConfigurationList section */
		1D6058960D05DD3E006BFB54 /* Build configuration list for PBXNativeTarget "Objective-Zip Test" */ = {
			isa = XCConfigurationList;
			buildConfigurations = (
				1D6058940D05DD3E006BFB54 /* Debug */,
				1D6058950D05DD3E006BFB54 /* Release */,
			);
			defaultConfigurationIsVisible = 0;
			defaultConfigurationName = Release;
		};
		96D49C3114CEE20E00C927AA /* Build configuration list for PBXNativeTarget "Objective-Zip ARM" */ = {
			isa = XCConfigurationList;
			buildConfigurations = (
				96D49C3214CEE20E00C927AA /* Debug */,
				96D49C3314CEE20E00C927AA /* Release */,
			);
			defaultConfigurationIsVisible = 0;
			defaultConfigurationName = Release;
		};
		96D49C8D14CF160000C927AA /* Build configuration list for PBXNativeTarget "Objective-Zip Intel" */ = {
			isa = XCConfigurationList;
			buildConfigurations = (
				96D49C8E14CF160000C927AA /* Debug */,
				96D49C8F14CF160000C927AA /* Release */,
			);
			defaultConfigurationIsVisible = 0;
			defaultConfigurationName = Release;
		};
		96D49CA214CF16B100C927AA /* Build configuration list for PBXNativeTarget "Objective-Zip" */ = {
			isa = XCConfigurationList;
			buildConfigurations = (
				96D49CA314CF16B100C927AA /* Debug */,
				96D49CA414CF16B100C927AA /* Release */,
			);
			defaultConfigurationIsVisible = 0;
			defaultConfigurationName = Release;
		};
		C01FCF4E08A954540054247B /* Build configuration list for PBXProject "Objective-Zip" */ = {
			isa = XCConfigurationList;
			buildConfigurations = (
				C01FCF4F08A954540054247B /* Debug */,
				C01FCF5008A954540054247B /* Release */,
			);
			defaultConfigurationIsVisible = 0;
			defaultConfigurationName = Release;
		};
/* End XCConfigurationList section */
	};
	rootObject = 29B97313FDCFA39411CA2CEA /* Project object */;
}
